
Microsoft Visual Studio Solution File, Format Version 11.00
# Visual Studio 2010
# SharpDevelop 4.3
Project("{FAE04EC0-301F-11D3-BF4B-00C04F79EFBC}") = "ZinsesZinsZinsen", "ZinsesZinsZinsen.csproj", "{9C9D7CE6-CEB5-4D63-97C3-481FA515B3E7}"
EndProject
Global
	GlobalSection(SolutionConfigurationPlatforms) = preSolution
		Debug|Any CPU = Debug|Any CPU
		Release|Any CPU = Release|Any CPU
	EndGlobalSection
	GlobalSection(ProjectConfigurationPlatforms) = postSolution
		{9C9D7CE6-CEB5-4D63-97C3-481FA515B3E7}.Debug|Any CPU.ActiveCfg = Debug|Any CPU
		{9C9D7CE6-CEB5-4D63-97C3-481FA515B3E7}.Debug|Any CPU.Build.0 = Debug|Any CPU
		{9C9D7CE6-CEB5-4D63-97C3-481FA515B3E7}.Release|Any CPU.ActiveCfg = Release|Any CPU
		{9C9D7CE6-CEB5-4D63-97C3-481FA515B3E7}.Release|Any CPU.Build.0 = Release|Any CPU
	EndGlobalSection
	GlobalSection(SolutionProperties) = preSolution
		HideSolutionNode = FALSE
	EndGlobalSection
EndGlobal
